<?xml version="1.0" encoding="utf-8"?>
<Project ToolsVersion="4.0" xmlns="http://schemas.microsoft.com/developer/msbuild/2003">
  <ItemGroup>
    <Filter Include="Source Files">
      <UniqueIdentifier>{861aad24-b09f-4d41-a495-ca9c82915232}</UniqueIdentifier>
      <Extensions>cpp;c;cxx;def;odl;idl;hpj;bat;asm</Extensions>
    </Filter>
    <Filter Include="Header Files">
      <UniqueIdentifier>{89e41ef1-2e47-45df-b4bf-f318a5d08a88}</UniqueIdentifier>
      <Extensions>h;hpp;hxx;hm;inl;inc</Extensions>
    </Filter>
    <Filter Include="Resource Files">
      <UniqueIdentifier>{300b0ee9-9eee-47bf-96d7-4d193205849e}</UniqueIdentifier>
      <Extensions>rc;ico;cur;bmp;dlg;rc2;rct;bin;rgs;gif;jpg;jpeg;jpe</Extensions>
    </Filter>
    <Filter Include="proc">
      <UniqueIdentifier>{48122cda-df37-4e5f-9b38-4bf538f46f31}</UniqueIdentifier>
    </Filter>
    <Filter Include="proc\ia32">
      <UniqueIdentifier>{70930932-71b1-4425-9de4-81cc4dec1368}</UniqueIdentifier>
    </Filter>
    <Filter Include="assembler">
      <UniqueIdentifier>{80a41583-eee0-464a-af55-c5ee7c1d46a7}</UniqueIdentifier>
    </Filter>
    <Filter Include="assembler\proc">
      <UniqueIdentifier>{3afc9ce4-9640-44b0-9ec5-be5e4e3fbb8c}</UniqueIdentifier>
    </Filter>
    <Filter Include="assembler\proc\ia32">
      <UniqueIdentifier>{75bc505f-198c-4c6f-81b3-2426bdd5afb5}</UniqueIdentifier>
    </Filter>
  </ItemGroup>
  <ItemGroup>
    <ClCompile Include="Source\dismount\assembler\AssemblingFactory.cpp">
      <Filter>Source Files</Filter>
    </ClCompile>
    <ClCompile Include="Source\dismount\assembler\BinaryDependencies.cpp">
      <Filter>Source Files</Filter>
    </ClCompile>
    <ClCompile Include="Source\dismount\assembler\FirstPassBinary.cpp">
      <Filter>Source Files</Filter>
    </ClCompile>
    <ClCompile Include="Source\dismount\assembler\MangledNames.cpp">
      <Filter>Source Files</Filter>
    </ClCompile>
    <ClCompile Include="Source\dismount\assembler\proc\ia32\IA32Assembler.cpp">
      <Filter>Source Files</Filter>
    </ClCompile>
    <ClCompile Include="Source\dismount\assembler\SecondPassBinary.cpp">
      <Filter>Source Files</Filter>
    </ClCompile>
    <ClCompile Include="Source\dismount\assembler\SecondPassInfoAndDebug.cpp">
      <Filter>Source Files</Filter>
    </ClCompile>
    <ClCompile Include="Source\dismount\assembler\StackInterface.cpp">
      <Filter>Source Files</Filter>
    </ClCompile>
    <ClCompile Include="Source\dismount\DefaultOpcodeDataFormatter.cpp">
      <Filter>Source Files</Filter>
    </ClCompile>
    <ClCompile Include="Source\dismount\dismount.cpp">
      <Filter>Source Files</Filter>
    </ClCompile>
    <ClCompile Include="Source\dismount\FlowMapper.cpp">
      <Filter>Source Files</Filter>
    </ClCompile>
    <ClCompile Include="Source\dismount\InvalidOpcodeByte.cpp">
      <Filter>Source Files</Filter>
    </ClCompile>
    <ClCompile Include="Source\dismount\InvalidOpcodeFormatter.cpp">
      <Filter>Source Files</Filter>
    </ClCompile>
    <ClCompile Include="Source\dismount\OpcodeFormatter.cpp">
      <Filter>Source Files</Filter>
    </ClCompile>
    <ClCompile Include="Source\dismount\OpcodeSubsystems.cpp">
      <Filter>Source Files</Filter>
    </ClCompile>
    <ClCompile Include="Source\dismount\ProcessorAddress.cpp">
      <Filter>Source Files</Filter>
    </ClCompile>
    <ClCompile Include="Source\dismount\proc\ia32\IA32IntelNotation.cpp">
      <Filter>Source Files</Filter>
    </ClCompile>
    <ClCompile Include="Source\dismount\proc\ia32\IA32Opcode.cpp">
      <Filter>Source Files</Filter>
    </ClCompile>
    <ClCompile Include="Source\dismount\proc\ia32\IA32StreamDisassembler.cpp">
      <Filter>Source Files</Filter>
    </ClCompile>
    <ClCompile Include="Source\dismount\proc\ia32\opcodeTable.cpp">
      <Filter>Source Files</Filter>
    </ClCompile>
    <ClCompile Include="Source\dismount\StreamDisassemblerFactory.cpp">
      <Filter>Source Files</Filter>
    </ClCompile>
    <ClCompile Include="Source\dismount\FlowMapperException.cpp">
      <Filter>Source Files</Filter>
    </ClCompile>
    <ClCompile Include="Source\dismount\SectionMemoryInterface.cpp">
      <Filter>Source Files</Filter>
    </ClCompile>
    <ClCompile Include="Source\dismount\assembler\DependencyException.cpp">
      <Filter>Source Files</Filter>
    </ClCompile>
  </ItemGroup>
  <ItemGroup>
    <ClInclude Include="Include\dismount\assembler\Stack.h">
      <Filter>Header Files</Filter>
    </ClInclude>
    <ClInclude Include="Include\dismount\assembler\AssemblerInterface.h">
      <Filter>Header Files</Filter>
    </ClInclude>
    <ClInclude Include="Include\dismount\assembler\AssemblingFactory.h">
      <Filter>Header Files</Filter>
    </ClInclude>
    <ClInclude Include="Include\dismount\assembler\BinaryDependencies.h">
      <Filter>Header Files</Filter>
    </ClInclude>
    <ClInclude Include="Include\dismount\assembler\FirstPassBinary.h">
      <Filter>Header Files</Filter>
    </ClInclude>
    <ClInclude Include="Include\dismount\assembler\MangledNames.h">
      <Filter>Header Files</Filter>
    </ClInclude>
    <ClInclude Include="Include\dismount\assembler\proc\ia32\IA32Assembler.h">
      <Filter>Header Files</Filter>
    </ClInclude>
    <ClInclude Include="Include\dismount\assembler\SecondPassBinary.h">
      <Filter>Header Files</Filter>
    </ClInclude>
    <ClInclude Include="Include\dismount\assembler\SecondPassInfoAndDebug.h">
      <Filter>Header Files</Filter>
    </ClInclude>
    <ClInclude Include="Include\dismount\assembler\StackInterface.h">
      <Filter>Header Files</Filter>
    </ClInclude>
    <ClInclude Include="Include\dismount\DefaultOpcodeDataFormatter.h">
      <Filter>Header Files</Filter>
    </ClInclude>
    <ClInclude Include="Include\dismount\DisassemblerEndOfStreamException.h">
      <Filter>Header Files</Filter>
    </ClInclude>
    <ClInclude Include="Include\dismount\DisassemblerException.h">
      <Filter>Header Files</Filter>
    </ClInclude>
    <ClInclude Include="Include\dismount\DisassemblerInvalidOpcodeException.h">
      <Filter>Header Files</Filter>
    </ClInclude>
    <ClInclude Include="Include\dismount\dismount.h">
      <Filter>Header Files</Filter>
    </ClInclude>
    <ClInclude Include="Include\dismount\DismountTrace.h">
      <Filter>Header Files</Filter>
    </ClInclude>
    <ClInclude Include="Include\dismount\FlowMapper.h">
      <Filter>Header Files</Filter>
    </ClInclude>
    <ClInclude Include="Include\dismount\FlowMapperException.h">
      <Filter>Header Files</Filter>
    </ClInclude>
    <ClInclude Include="Include\dismount\IntegerEncoding.h">
      <Filter>Header Files</Filter>
    </ClInclude>
    <ClInclude Include="Include\dismount\InvalidOpcodeByte.h">
      <Filter>Header Files</Filter>
    </ClInclude>
    <ClInclude Include="Include\dismount\InvalidOpcodeFormatter.h">
      <Filter>Header Files</Filter>
    </ClInclude>
    <ClInclude Include="Include\dismount\Opcode.h">
      <Filter>Header Files</Filter>
    </ClInclude>
    <ClInclude Include="Include\dismount\OpcodeDataFormatter.h">
      <Filter>Header Files</Filter>
    </ClInclude>
    <ClInclude Include="Include\dismount\OpcodeFormatter.h">
      <Filter>Header Files</Filter>
    </ClInclude>
    <ClInclude Include="Include\dismount\OpcodeSubsystems.h">
      <Filter>Header Files</Filter>
    </ClInclude>
    <ClInclude Include="Include\dismount\ProcessorAddress.h">
      <Filter>Header Files</Filter>
    </ClInclude>
    <ClInclude Include="Include\dismount\proc\ia32\IA32eInstructionSet.h">
      <Filter>Header Files</Filter>
    </ClInclude>
    <ClInclude Include="Include\dismount\proc\ia32\IA32IntelNotation.h">
      <Filter>Header Files</Filter>
    </ClInclude>
    <ClInclude Include="Include\dismount\proc\ia32\IA32Opcode.h">
      <Filter>Header Files</Filter>
    </ClInclude>
    <ClInclude Include="Include\dismount\proc\ia32\IA32OpcodeDatastruct.h">
      <Filter>Header Files</Filter>
    </ClInclude>
    <ClInclude Include="Include\dismount\proc\ia32\IA32StreamDisassembler.h">
      <Filter>Header Files</Filter>
    </ClInclude>
    <ClInclude Include="Include\dismount\proc\ia32\opcodeTable.h">
      <Filter>Header Files</Filter>
    </ClInclude>
    <ClInclude Include="Include\dismount\StreamDisassembler.h">
      <Filter>Header Files</Filter>
    </ClInclude>
    <ClInclude Include="Include\dismount\StreamDisassemblerFactory.h">
      <Filter>Header Files</Filter>
    </ClInclude>
    <ClInclude Include="Include\dismount\SectionMemoryInterface.h">
      <Filter>Header Files</Filter>
    </ClInclude>
    <ClInclude Include="Include\dismount\assembler\DependencyException.h">
      <Filter>Header Files</Filter>
    </ClInclude>
  </ItemGroup>
  <ItemGroup>
    <None Include="Include\dismount\assembler\Stack.inl">
      <Filter>Header Files</Filter>
    </None>
  </ItemGroup>
</Project>